lockfileVersion: '9.0'

settings:
  autoInstallPeers: true
  excludeLinksFromLockfile: false

importers:

  .:
    dependencies:
      sst:
        specifier: 3.7.1
        version: 3.7.1
      svelte-kit-sst:
        specifier: 2.43.5
        version: 2.43.5
    devDependencies:
      svelte:
        specifier: ../node_modules/svelte
        version: link:../node_modules/svelte

packages:

  aws4fetch@1.0.20:
    resolution: {integrity: sha512-/djoAN709iY65ETD6LKCtyyEI04XIBP5xVvfmNxsEP0uJB5tyaGBztSryRr4HqMStr9R06PisQE7m9zDTXKu6g==}

  jose@4.15.9:
    resolution: {integrity: sha512-1vUQX+IdDMVPj4k8kOxgUqlcK518yluMuGZwqlr44FS1ppZB/5GWh4rZG89erpOBOJjU/OBsnCVFfapsRz6nEA==}

  jose@5.2.3:
    resolution: {integrity: sha512-KUXdbctm1uHVL8BYhnyHkgp3zDX5KW8ZhAKVFEfUbU2P8Alpzjb+48hHvjOdQIyPshoblhzsuqOwEEAbtHVirA==}

  lru-cache@6.0.0:
    resolution: {integrity: sha512-Jo6dJ04CmSjuznwJSS3pUeWmd/H0ffTlkXXgwZi+eq1UCmqQwCh+eLsYOYCwY991i2Fah4h1BEMCx4qThGbsiA==}
    engines: {node: '>=10'}

  object-hash@2.2.0:
    resolution: {integrity: sha512-gScRMn0bS5fH+IuwyIFgnh9zBdo4DV+6GhygmWM9HyNJSgS0hScp1f5vjtm7oIIOiT9trXrShAkLFSc2IqKNgw==}
    engines: {node: '>= 6'}

  oidc-token-hash@5.0.3:
    resolution: {integrity: sha512-IF4PcGgzAr6XXSff26Sk/+P4KZFJVuHAJZj3wgO3vX2bMdNVp/QXTP3P7CEm9V1IdG8lDLY3HhiqpsE/nOwpPw==}
    engines: {node: ^10.13.0 || >=12.0.0}

  openid-client@5.6.4:
    resolution: {integrity: sha512-T1h3B10BRPKfcObdBklX639tVz+xh34O7GjofqrqiAQdm7eHsQ00ih18x6wuJ/E6FxdtS2u3FmUGPDeEcMwzNA==}

  sst-darwin-arm64@3.7.1:
    resolution: {integrity: sha512-6AdD13NUZGcPxFEa14wcE/vVhUY2Dyr55dUck4Bx54aYkkDptvlA3zDAENMgyox4sD46QGJcD8uhPoeSsYlIhA==}
    cpu: [arm64]
    os: [darwin]

  sst-darwin-x64@3.7.1:
    resolution: {integrity: sha512-rSynbkCW034q4UjlGsC1WxaA0iDy8kvpMq3VHOvQ+N+cCh6ixC0f1G4nS0iprOIw0SsWLzgrX6xF0fR2/VPgjw==}
    cpu: [x64]
    os: [darwin]

  sst-linux-arm64@3.7.1:
    resolution: {integrity: sha512-cSfRFDjRejSVMKT+eDv1fD+XJNxh606KeUPMauysz+OJFV08iYi1YJloooNIeRD8WvHA8eVX+e/KlqYsKphY5Q==}
    cpu: [arm64]
    os: [linux]

  sst-linux-x64@3.7.1:
    resolution: {integrity: sha512-W+Yp3HHh8k2nEgX6GuQSLr6CfmYmTWPgigVMxMU88c9sPCc9HqPx7gB4FTT8xemdsN1MXOOjq50ozqv79+AdtQ==}
    cpu: [x64]
    os: [linux]

  sst-linux-x86@3.7.1:
    resolution: {integrity: sha512-TfCiT2tULPABEwKgsGpx+dFv0d7NNrAv/cFnwRe2gi3vnhA/JCfynbiY0j1UOG6tbYTzzQ8Rl96qYoGp/rYRLA==}
    cpu: [x86]
    os: [linux]

  sst@3.7.1:
    resolution: {integrity: sha512-y7w0wTE0YNQi4qCQ575a5KLpd0VIg6EcWwVO9rtWdCmMoLlnj8DWh0/5do3B6ZOqWvcXN5FgMuhweJrb05rTbw==}
    hasBin: true

  svelte-kit-sst@2.43.5:
    resolution: {integrity: sha512-tvWj/YiPCL3scFcHo/RSYZWtXIuX6g6Mib4MXmDw0JrOtZHzqOCG4kWstTbjnWH4i4XyLPPvxrgSkm35muj4uw==}

  yallist@4.0.0:
    resolution: {integrity: sha512-3wdGidZyq5PB084XLES5TpOSRA3wjXAlIWMhum2kRcv/41Sn2emQ0dycQW4uZXLejwKvg6EsvbdlVL+FYEct7A==}

snapshots:

  aws4fetch@1.0.20: {}

  jose@4.15.9: {}

  jose@5.2.3: {}

  lru-cache@6.0.0:
    dependencies:
      yallist: 4.0.0

  object-hash@2.2.0: {}

  oidc-token-hash@5.0.3: {}

  openid-client@5.6.4:
    dependencies:
      jose: 4.15.9
      lru-cache: 6.0.0
      object-hash: 2.2.0
      oidc-token-hash: 5.0.3

  sst-darwin-arm64@3.7.1:
    optional: true

  sst-darwin-x64@3.7.1:
    optional: true

  sst-linux-arm64@3.7.1:
    optional: true

  sst-linux-x64@3.7.1:
    optional: true

  sst-linux-x86@3.7.1:
    optional: true

  sst@3.7.1:
    dependencies:
      aws4fetch: 1.0.20
      jose: 5.2.3
      openid-client: 5.6.4
    optionalDependencies:
      sst-darwin-arm64: 3.7.1
      sst-darwin-x64: 3.7.1
      sst-linux-arm64: 3.7.1
      sst-linux-x64: 3.7.1
      sst-linux-x86: 3.7.1

  svelte-kit-sst@2.43.5: {}

  yallist@4.0.0: {}
